PODS:
  - FlutterMacOS (1.0.0)
  - microphone_stream (0.0.1):
    - FlutterMacOS

DEPENDENCIES:
  - FlutterMacOS (from `Flutter/ephemeral`)
  - microphone_stream (from `Flutter/ephemeral/.symlinks/plugins/microphone_stream/macos`)

EXTERNAL SOURCES:
  FlutterMacOS:
    :path: Flutter/ephemeral
  microphone_stream:
    :path: Flutter/ephemeral/.symlinks/plugins/microphone_stream/macos

SPEC CHECKSUMS:
  FlutterMacOS: ae6af50a8ea7d6103d888583d46bd8328a7e9811
  microphone_stream: 1fe07baed0e29c2a61a7439b722c0b61ef47e55c

PODFILE CHECKSUM: 6eac6b3292e5142cfc23bdeb71848a40ec51c14c

COCOAPODS: 1.11.3
